
Microsoft Visual Studio Solution File, Format Version 12.00
# Visual Studio Version 16
VisualStudioVersion = 16.0.33801.447
MinimumVisualStudioVersion = 10.0.40219.1
Project("{8BC9CEB8-8B4A-11D0-8D11-00A0C91BC942}") = "GomokuGame", "GomokuGame.vcxproj", "{F6EB154B-057D-448B-8913-21ECAADFB865}"
EndProject
Global
	GlobalSection(SolutionConfigurationPlatforms) = preSolution
		Debug|x86 = Debug|x86
		Release|x86 = Release|x86
	EndGlobalSection
	GlobalSection(ProjectConfigurationPlatforms) = postSolution
		{F6EB154B-057D-448B-8913-21ECAADFB865}.Debug|x86.ActiveCfg = Debug|Win32
		{F6EB154B-057D-448B-8913-21ECAADFB865}.Debug|x86.Build.0 = Debug|Win32
		{F6EB154B-057D-448B-8913-21ECAADFB865}.Release|x86.ActiveCfg = Release|Win32
		{F6EB154B-057D-448B-8913-21ECAADFB865}.Release|x86.Build.0 = Release|Win32
	EndGlobalSection
	GlobalSection(SolutionProperties) = preSolution
		HideSolutionNode = FALSE
	EndGlobalSection
	GlobalSection(ExtensibilityGlobals) = postSolution
		SolutionGuid = {F3D6240C-4C65-417B-9BF7-EF4D5A576B78}
	EndGlobalSection
EndGlobal
